
Microsoft Visual Studio Solution File, Format Version 12.00
# Visual Studio Version 17
VisualStudioVersion = 17.12.35506.116
MinimumVisualStudioVersion = 10.0.40219.1
Project("{FAE04EC0-301F-11D3-BF4B-00C04F79EFBC}") = "PTV.WebApi", "PTV.WebApi\PTV.WebApi.csproj", "{EDCFD66F-062E-4FCB-9FB1-A14526CC587E}"
EndProject
Project("{FAE04EC0-301F-11D3-BF4B-00C04F79EFBC}") = "PTV.Core", "PTV.Core\PTV.Core.csproj", "{3BED0AA1-D88A-4CB4-BDF9-61F560A80109}"
EndProject
Project("{FAE04EC0-301F-11D3-BF4B-00C04F79EFBC}") = "PTV.Application", "PTV.Application\PTV.Application.csproj", "{24870058-C88F-4CDA-A679-7A05375D5940}"
EndProject
Project("{FAE04EC0-301F-11D3-BF4B-00C04F79EFBC}") = "PTV.Infrastructure", "PTV.Infrastructure\PTV.Infrastructure.csproj", "{EDA893A1-172C-4E82-8381-1851740CE43D}"
EndProject
Project("{E53339B2-1760-4266-BCC7-CA923CBCF16C}") = "docker-compose", "docker-compose.dcproj", "{B52B03A3-8E58-4DF2-A5B9-ACB5875F5035}"
EndProject
Project("{2150E333-8FDC-42A3-9474-1A3956D46DE8}") = "Solution Items", "Solution Items", "{77D10359-634B-42E7-B7F9-5901D389F83C}"
	ProjectSection(SolutionItems) = preProject
		k8s-manifest.yaml = k8s-manifest.yaml
	EndProjectSection
EndProject
Global
	GlobalSection(SolutionConfigurationPlatforms) = preSolution
		Debug|Any CPU = Debug|Any CPU
		Release|Any CPU = Release|Any CPU
	EndGlobalSection
	GlobalSection(ProjectConfigurationPlatforms) = postSolution
		{EDCFD66F-062E-4FCB-9FB1-A14526CC587E}.Debug|Any CPU.ActiveCfg = Debug|Any CPU
		{EDCFD66F-062E-4FCB-9FB1-A14526CC587E}.Debug|Any CPU.Build.0 = Debug|Any CPU
		{EDCFD66F-062E-4FCB-9FB1-A14526CC587E}.Release|Any CPU.ActiveCfg = Release|Any CPU
		{EDCFD66F-062E-4FCB-9FB1-A14526CC587E}.Release|Any CPU.Build.0 = Release|Any CPU
		{3BED0AA1-D88A-4CB4-BDF9-61F560A80109}.Debug|Any CPU.ActiveCfg = Debug|Any CPU
		{3BED0AA1-D88A-4CB4-BDF9-61F560A80109}.Debug|Any CPU.Build.0 = Debug|Any CPU
		{3BED0AA1-D88A-4CB4-BDF9-61F560A80109}.Release|Any CPU.ActiveCfg = Release|Any CPU
		{3BED0AA1-D88A-4CB4-BDF9-61F560A80109}.Release|Any CPU.Build.0 = Release|Any CPU
		{24870058-C88F-4CDA-A679-7A05375D5940}.Debug|Any CPU.ActiveCfg = Debug|Any CPU
		{24870058-C88F-4CDA-A679-7A05375D5940}.Debug|Any CPU.Build.0 = Debug|Any CPU
		{24870058-C88F-4CDA-A679-7A05375D5940}.Release|Any CPU.ActiveCfg = Release|Any CPU
		{24870058-C88F-4CDA-A679-7A05375D5940}.Release|Any CPU.Build.0 = Release|Any CPU
		{EDA893A1-172C-4E82-8381-1851740CE43D}.Debug|Any CPU.ActiveCfg = Debug|Any CPU
		{EDA893A1-172C-4E82-8381-1851740CE43D}.Debug|Any CPU.Build.0 = Debug|Any CPU
		{EDA893A1-172C-4E82-8381-1851740CE43D}.Release|Any CPU.ActiveCfg = Release|Any CPU
		{EDA893A1-172C-4E82-8381-1851740CE43D}.Release|Any CPU.Build.0 = Release|Any CPU
		{B52B03A3-8E58-4DF2-A5B9-ACB5875F5035}.Debug|Any CPU.ActiveCfg = Debug|Any CPU
		{B52B03A3-8E58-4DF2-A5B9-ACB5875F5035}.Debug|Any CPU.Build.0 = Debug|Any CPU
		{B52B03A3-8E58-4DF2-A5B9-ACB5875F5035}.Release|Any CPU.ActiveCfg = Release|Any CPU
		{B52B03A3-8E58-4DF2-A5B9-ACB5875F5035}.Release|Any CPU.Build.0 = Release|Any CPU
	EndGlobalSection
	GlobalSection(SolutionProperties) = preSolution
		HideSolutionNode = FALSE
	EndGlobalSection
EndGlobal
